# THIS IS AN AUTOGENERATED FILE. DO NOT EDIT THIS FILE DIRECTLY.
# yarn lockfile v1


highcharts@^6.2.0:
  version "6.2.0"
  resolved "https://registry.yarnpkg.com/highcharts/-/highcharts-6.2.0.tgz#2a6d04652eb43c66f462ca7e2d2808f1f2782b61"
  integrity sha512-A4E89MA+kto8giic7zyLU6ZxfXnVeCUlKOyzFsah3+n4BROx4bgonl92KIBtwLud/mIWir8ahqhuhe2by9LakQ==

list.js@^1.5.0:
  version "1.5.0"
  resolved "https://registry.yarnpkg.com/list.js/-/list.js-1.5.0.tgz#a4cbfc8281ddefc02fdb2d30c8748bfae25fbcda"
  integrity sha1-pMv8goHd78Av2y0wyHSL+uJfvNo=
  dependencies:
    string-natural-compare "^2.0.2"

string-natural-compare@^2.0.2:
  version "2.0.3"
  resolved "https://registry.yarnpkg.com/string-natural-compare/-/string-natural-compare-2.0.3.tgz#9dbe1dd65490a5fe14f7a5c9bc686fc67cb9c6e4"
  integrity sha512-4Kcl12rNjc+6EKhY8QyDVuQTAlMWwRiNbsxnVwBUKFr7dYPQuXVrtNU4sEkjF9LHY0AY6uVbB3ktbkIH4LC+BQ==
